
Microsoft Visual Studio Solution File, Format Version 12.00
# Visual Studio 15
Project("{FAE04EC0-301F-11D3-BF4B-00C04F79EFBC}") = "Adobe.Substance", "Adobe.Substance.csproj", "{0C4EA8F4-B5AA-65C5-478A-079AD5813F58}"
EndProject
Project("{FAE04EC0-301F-11D3-BF4B-00C04F79EFBC}") = "Assembly-CSharp", "Assembly-CSharp.csproj", "{8BFCC01D-64B7-72E1-8B7F-599CA23460E9}"
EndProject
Project("{FAE04EC0-301F-11D3-BF4B-00C04F79EFBC}") = "Adobe.Substance.Runtime", "Adobe.Substance.Runtime.csproj", "{B8272854-428A-0B8C-B4DD-B357E68BB23A}"
EndProject
Project("{FAE04EC0-301F-11D3-BF4B-00C04F79EFBC}") = "Adobe.SubstanceEditor", "Adobe.SubstanceEditor.csproj", "{755906D8-CAD4-40D9-6BB3-6C25251CDA97}"
EndProject
Project("{8BC9CEB8-8B4A-11D0-8D11-00A0C91BC942}") = "FirstPersonDungeonCrawler", "FirstPersonDungeonCrawler\FirstPersonDungeonCrawler.vcxproj", "{57571793-BF11-47DB-A9BA-049C9AA938C7}"
	ProjectSection(ProjectDependencies) = postProject
		{9B743A06-56DC-42C2-99B1-B11DE6C02BBD} = {9B743A06-56DC-42C2-99B1-B11DE6C02BBD}
	EndProjectSection
EndProject
Project("{8BC9CEB8-8B4A-11D0-8D11-00A0C91BC942}") = "UnityData", "FirstPersonDungeonCrawler\UnityData.vcxitems", "{9CC07CB0-D6B5-4B2E-990C-F644CBC7AE58}"
EndProject
Project("{8BC9CEB8-8B4A-11D0-8D11-00A0C91BC942}") = "UnityPlayerStub", "UnityPlayerStub\UnityPlayerStub.vcxproj", "{9B743A06-56DC-42C2-99B1-B11DE6C02BBD}"
EndProject
Global
	GlobalSection(SolutionConfigurationPlatforms) = preSolution
		Debug|Any CPU = Debug|Any CPU
		Release|Any CPU = Release|Any CPU
	EndGlobalSection
	GlobalSection(ProjectConfigurationPlatforms) = postSolution
		{0C4EA8F4-B5AA-65C5-478A-079AD5813F58}.Debug|Any CPU.ActiveCfg = Debug|Any CPU
		{0C4EA8F4-B5AA-65C5-478A-079AD5813F58}.Debug|Any CPU.Build.0 = Debug|Any CPU
		{0C4EA8F4-B5AA-65C5-478A-079AD5813F58}.Release|Any CPU.ActiveCfg = Release|Any CPU
		{0C4EA8F4-B5AA-65C5-478A-079AD5813F58}.Release|Any CPU.Build.0 = Release|Any CPU
		{8BFCC01D-64B7-72E1-8B7F-599CA23460E9}.Debug|Any CPU.ActiveCfg = Debug|Any CPU
		{8BFCC01D-64B7-72E1-8B7F-599CA23460E9}.Debug|Any CPU.Build.0 = Debug|Any CPU
		{8BFCC01D-64B7-72E1-8B7F-599CA23460E9}.Release|Any CPU.ActiveCfg = Release|Any CPU
		{8BFCC01D-64B7-72E1-8B7F-599CA23460E9}.Release|Any CPU.Build.0 = Release|Any CPU
		{B8272854-428A-0B8C-B4DD-B357E68BB23A}.Debug|Any CPU.ActiveCfg = Debug|Any CPU
		{B8272854-428A-0B8C-B4DD-B357E68BB23A}.Debug|Any CPU.Build.0 = Debug|Any CPU
		{B8272854-428A-0B8C-B4DD-B357E68BB23A}.Release|Any CPU.ActiveCfg = Release|Any CPU
		{B8272854-428A-0B8C-B4DD-B357E68BB23A}.Release|Any CPU.Build.0 = Release|Any CPU
		{755906D8-CAD4-40D9-6BB3-6C25251CDA97}.Debug|Any CPU.ActiveCfg = Debug|Any CPU
		{755906D8-CAD4-40D9-6BB3-6C25251CDA97}.Debug|Any CPU.Build.0 = Debug|Any CPU
		{755906D8-CAD4-40D9-6BB3-6C25251CDA97}.Release|Any CPU.ActiveCfg = Release|Any CPU
		{755906D8-CAD4-40D9-6BB3-6C25251CDA97}.Release|Any CPU.Build.0 = Release|Any CPU
		{57571793-BF11-47DB-A9BA-049C9AA938C7}.Debug|Any CPU.ActiveCfg = Debug|Any CPU
		{57571793-BF11-47DB-A9BA-049C9AA938C7}.Debug|Any CPU.Build.0 = Debug|Any CPU
		{57571793-BF11-47DB-A9BA-049C9AA938C7}.Release|Any CPU.ActiveCfg = Release|Any CPU
		{57571793-BF11-47DB-A9BA-049C9AA938C7}.Release|Any CPU.Build.0 = Release|Any CPU
		{9CC07CB0-D6B5-4B2E-990C-F644CBC7AE58}.Debug|Any CPU.ActiveCfg = Debug|Any CPU
		{9CC07CB0-D6B5-4B2E-990C-F644CBC7AE58}.Debug|Any CPU.Build.0 = Debug|Any CPU
		{9CC07CB0-D6B5-4B2E-990C-F644CBC7AE58}.Release|Any CPU.ActiveCfg = Release|Any CPU
		{9CC07CB0-D6B5-4B2E-990C-F644CBC7AE58}.Release|Any CPU.Build.0 = Release|Any CPU
		{9B743A06-56DC-42C2-99B1-B11DE6C02BBD}.Debug|Any CPU.ActiveCfg = Debug|Any CPU
		{9B743A06-56DC-42C2-99B1-B11DE6C02BBD}.Debug|Any CPU.Build.0 = Debug|Any CPU
		{9B743A06-56DC-42C2-99B1-B11DE6C02BBD}.Release|Any CPU.ActiveCfg = Release|Any CPU
		{9B743A06-56DC-42C2-99B1-B11DE6C02BBD}.Release|Any CPU.Build.0 = Release|Any CPU
	EndGlobalSection
	GlobalSection(SolutionProperties) = preSolution
		HideSolutionNode = FALSE
	EndGlobalSection
EndGlobal
